# This file is automatically @generated by Cargo.
# It is not intended for manual editing.
version = 4

[[package]]
name = "proc-macro-tool"
version = "0.8.19"

[[package]]
name = "testit"
version = "0.0.0"
dependencies = [
 "testit-proc_macro",
]

[[package]]
name = "testit-proc_macro"
version = "0.0.0"
dependencies = [
 "proc-macro-tool",
]
